
Microsoft Visual Studio Solution File, Format Version 12.00
# Visual Studio Version 17
VisualStudioVersion = 17.5.2.0
MinimumVisualStudioVersion = 10.0.40219.1
Project("{FAE04EC0-301F-11D3-BF4B-00C04F79EFBC}") = "MetricsApp.Core", "MetricsApp.Core\MetricsApp.Core.csproj", "{C28A3659-77C9-46BB-B9D9-F46B831677E4}"
EndProject
Project("{FAE04EC0-301F-11D3-BF4B-00C04F79EFBC}") = "MetricsApp.Abstractions", "MetricsApp.Abstractions\MetricsApp.Abstractions.csproj", "{BAAD0EEE-60AD-4981-9B9E-A859A3637BAA}"
EndProject
Project("{FAE04EC0-301F-11D3-BF4B-00C04F79EFBC}") = "MetricsApp.Api", "MetricsApp.Api\MetricsApp.Api.csproj", "{CF3F3213-9DCA-41CF-8115-147BB8BD227E}"
EndProject
Project("{FAE04EC0-301F-11D3-BF4B-00C04F79EFBC}") = "MetricsApp.Parser.WindowsPerfCounters", "MetricsApp.Parser.WindowsPerfCounters\MetricsApp.Parser.WindowsPerfCounters.csproj", "{455AAF93-FCE8-4BD9-85F6-8C8988C6A615}"
EndProject
Project("{FAE04EC0-301F-11D3-BF4B-00C04F79EFBC}") = "MetricsApp.Queue.InMemory", "MetricsApp.Queue.InMemory\MetricsApp.Queue.InMemory.csproj", "{E802F3E3-AB79-4ACC-B794-5A48B9D436D3}"
EndProject
Project("{FAE04EC0-301F-11D3-BF4B-00C04F79EFBC}") = "MetricsApp.Cache.InMemory", "MetricsApp.Cache.InMemory\MetricsApp.Cache.InMemory.csproj", "{7EABBF77-9C99-4C68-88A6-C65CBEE8516C}"
EndProject
Project("{FAE04EC0-301F-11D3-BF4B-00C04F79EFBC}") = "MetricsApp.Repository.InMemory", "MetricsApp.Repository.InMemory\MetricsApp.Repository.InMemory.csproj", "{B70DA925-CFEB-4B5E-82D4-5C006E0F279B}"
EndProject
Project("{FAE04EC0-301F-11D3-BF4B-00C04F79EFBC}") = "MetricsApp.Worker", "MetricsApp.Worker\MetricsApp.Worker.csproj", "{29153558-8FEC-46A5-983F-3C634B7C81BA}"
EndProject
Project("{FAE04EC0-301F-11D3-BF4B-00C04F79EFBC}") = "MetricsApp.Agent.Core", "MetricsApp.Agent.Core\MetricsApp.Agent.Core.csproj", "{9AE32DDE-62FD-440F-A328-576A61580356}"
EndProject
Project("{FAE04EC0-301F-11D3-BF4B-00C04F79EFBC}") = "MetricsApp.Agent.Collectors.WindowsPerfCounters", "MetricsApp.Agent.Collectors.WindowsPerfCounters\MetricsApp.Agent.Collectors.WindowsPerfCounters.csproj", "{099D2ECD-689F-4793-839A-C04FC248B505}"
EndProject
Project("{FAE04EC0-301F-11D3-BF4B-00C04F79EFBC}") = "MetricsApp.Agent.Emitters.Queue", "MetricsApp.Agent.Emitters.Queue\MetricsApp.Agent.Emitters.Queue.csproj", "{7397CCDE-3073-48BC-B22C-EF86FCF51BB0}"
EndProject
Project("{FAE04EC0-301F-11D3-BF4B-00C04F79EFBC}") = "MetricsApp.Agent.Emitters.Http", "MetricsApp.Agent.Emitters.Http\MetricsApp.Agent.Emitters.Http.csproj", "{660FBE81-7E28-49B2-BD48-F27DC2B7C3BC}"
EndProject
Project("{FAE04EC0-301F-11D3-BF4B-00C04F79EFBC}") = "MetricsApp.DataSources.Core", "MetricsApp.DataSources.Core\MetricsApp.DataSources.Core.csproj", "{995CAC85-F98B-4C4B-8B67-A8D3D37E00A2}"
EndProject
Project("{FAE04EC0-301F-11D3-BF4B-00C04F79EFBC}") = "MetricsApp.DataSources.Prometheus", "MetricsApp.DataSources.Prometheus\MetricsApp.DataSources.Prometheus.csproj", "{CA78A3BA-4029-484B-B34B-EBEEA7F8C066}"
EndProject
Project("{FAE04EC0-301F-11D3-BF4B-00C04F79EFBC}") = "MetricsApp.DataSources.SqlServer", "MetricsApp.DataSources.SqlServer\MetricsApp.DataSources.SqlServer.csproj", "{4FB7F56D-308D-409A-A116-860DE7506E28}"
EndProject
Project("{FAE04EC0-301F-11D3-BF4B-00C04F79EFBC}") = "MetricsApp.DataSources.Sqlite", "MetricsApp.DataSources.Sqlite\MetricsApp.DataSources.Sqlite.csproj", "{5784D019-E6C9-46B2-9406-408E88AAA3C5}"
EndProject
Project("{FAE04EC0-301F-11D3-BF4B-00C04F79EFBC}") = "MetricsApp.DataSources.MySql", "MetricsApp.DataSources.MySql\MetricsApp.DataSources.MySql.csproj", "{0E38F75A-E6F6-42AF-89E5-1F9DE9F77B76}"
EndProject
Project("{FAE04EC0-301F-11D3-BF4B-00C04F79EFBC}") = "MetricsApp.DataSources.PostgreSQL", "MetricsApp.DataSources.PostgreSQL\MetricsApp.DataSources.PostgreSQL.csproj", "{2CCF181D-1641-4BF1-A475-2C9D9124047B}"
EndProject
Project("{FAE04EC0-301F-11D3-BF4B-00C04F79EFBC}") = "MetricsApp.DataSources.Redis", "MetricsApp.DataSources.Redis\MetricsApp.DataSources.Redis.csproj", "{BE12B7D5-349E-424F-88AC-D67290B9196F}"
EndProject
Project("{FAE04EC0-301F-11D3-BF4B-00C04F79EFBC}") = "MetricsApp.DataSources.WindowsPerformanceCounters", "MetricsApp.DataSources.WindowsPerformanceCounters\MetricsApp.DataSources.WindowsPerformanceCounters.csproj", "{7B3B4C21-094B-4A7E-ADF8-1D540561DC2B}"
EndProject
Project("{FAE04EC0-301F-11D3-BF4B-00C04F79EFBC}") = "MetricsApp.AppHost", "MetricsApp.AppHost\MetricsApp.AppHost.csproj", "{D0411169-1ADF-4F37-8C05-D281FAB15BA3}"
EndProject
Project("{FAE04EC0-301F-11D3-BF4B-00C04F79EFBC}") = "MetricsApp.ServiceDefaults", "MetricsApp.ServiceDefaults\MetricsApp.ServiceDefaults.csproj", "{DD122114-67DD-4058-761C-0242576FB160}"
EndProject
Project("{FAE04EC0-301F-11D3-BF4B-00C04F79EFBC}") = "MetricsApp.Parser.OpenTelemetry", "MetricsApp.Parser.OpenTelemetry\MetricsApp.Parser.OpenTelemetry.csproj", "{3D8FD251-50F7-4064-941C-B50F2E87CA65}"
EndProject
Project("{FAE04EC0-301F-11D3-BF4B-00C04F79EFBC}") = "MetricsApp.Serilog.Sink", "MetricsApp.Serilog.Sink\MetricsApp.Serilog.Sink.csproj", "{B8A3C2D1-4567-4890-ABCD-EF1234567890}"
EndProject
Global
	GlobalSection(SolutionConfigurationPlatforms) = preSolution
		Debug|Any CPU = Debug|Any CPU
		Debug|x64 = Debug|x64
		Debug|x86 = Debug|x86
		Release|Any CPU = Release|Any CPU
		Release|x64 = Release|x64
		Release|x86 = Release|x86
	EndGlobalSection
	GlobalSection(ProjectConfigurationPlatforms) = postSolution
		{C28A3659-77C9-46BB-B9D9-F46B831677E4}.Debug|Any CPU.ActiveCfg = Debug|Any CPU
		{C28A3659-77C9-46BB-B9D9-F46B831677E4}.Debug|Any CPU.Build.0 = Debug|Any CPU
		{C28A3659-77C9-46BB-B9D9-F46B831677E4}.Debug|x64.ActiveCfg = Debug|Any CPU
		{C28A3659-77C9-46BB-B9D9-F46B831677E4}.Debug|x64.Build.0 = Debug|Any CPU
		{C28A3659-77C9-46BB-B9D9-F46B831677E4}.Debug|x86.ActiveCfg = Debug|Any CPU
		{C28A3659-77C9-46BB-B9D9-F46B831677E4}.Debug|x86.Build.0 = Debug|Any CPU
		{C28A3659-77C9-46BB-B9D9-F46B831677E4}.Release|Any CPU.ActiveCfg = Release|Any CPU
		{C28A3659-77C9-46BB-B9D9-F46B831677E4}.Release|Any CPU.Build.0 = Release|Any CPU
		{C28A3659-77C9-46BB-B9D9-F46B831677E4}.Release|x64.ActiveCfg = Release|Any CPU
		{C28A3659-77C9-46BB-B9D9-F46B831677E4}.Release|x64.Build.0 = Release|Any CPU
		{C28A3659-77C9-46BB-B9D9-F46B831677E4}.Release|x86.ActiveCfg = Release|Any CPU
		{C28A3659-77C9-46BB-B9D9-F46B831677E4}.Release|x86.Build.0 = Release|Any CPU
		{BAAD0EEE-60AD-4981-9B9E-A859A3637BAA}.Debug|Any CPU.ActiveCfg = Debug|Any CPU
		{BAAD0EEE-60AD-4981-9B9E-A859A3637BAA}.Debug|Any CPU.Build.0 = Debug|Any CPU
		{BAAD0EEE-60AD-4981-9B9E-A859A3637BAA}.Debug|x64.ActiveCfg = Debug|Any CPU
		{BAAD0EEE-60AD-4981-9B9E-A859A3637BAA}.Debug|x64.Build.0 = Debug|Any CPU
		{BAAD0EEE-60AD-4981-9B9E-A859A3637BAA}.Debug|x86.ActiveCfg = Debug|Any CPU
		{BAAD0EEE-60AD-4981-9B9E-A859A3637BAA}.Debug|x86.Build.0 = Debug|Any CPU
		{BAAD0EEE-60AD-4981-9B9E-A859A3637BAA}.Release|Any CPU.ActiveCfg = Release|Any CPU
		{BAAD0EEE-60AD-4981-9B9E-A859A3637BAA}.Release|Any CPU.Build.0 = Release|Any CPU
		{BAAD0EEE-60AD-4981-9B9E-A859A3637BAA}.Release|x64.ActiveCfg = Release|Any CPU
		{BAAD0EEE-60AD-4981-9B9E-A859A3637BAA}.Release|x64.Build.0 = Release|Any CPU
		{BAAD0EEE-60AD-4981-9B9E-A859A3637BAA}.Release|x86.ActiveCfg = Release|Any CPU
		{BAAD0EEE-60AD-4981-9B9E-A859A3637BAA}.Release|x86.Build.0 = Release|Any CPU
		{CF3F3213-9DCA-41CF-8115-147BB8BD227E}.Debug|Any CPU.ActiveCfg = Debug|Any CPU
		{CF3F3213-9DCA-41CF-8115-147BB8BD227E}.Debug|Any CPU.Build.0 = Debug|Any CPU
		{CF3F3213-9DCA-41CF-8115-147BB8BD227E}.Debug|x64.ActiveCfg = Debug|Any CPU
		{CF3F3213-9DCA-41CF-8115-147BB8BD227E}.Debug|x64.Build.0 = Debug|Any CPU
		{CF3F3213-9DCA-41CF-8115-147BB8BD227E}.Debug|x86.ActiveCfg = Debug|Any CPU
		{CF3F3213-9DCA-41CF-8115-147BB8BD227E}.Debug|x86.Build.0 = Debug|Any CPU
		{CF3F3213-9DCA-41CF-8115-147BB8BD227E}.Release|Any CPU.ActiveCfg = Release|Any CPU
		{CF3F3213-9DCA-41CF-8115-147BB8BD227E}.Release|Any CPU.Build.0 = Release|Any CPU
		{CF3F3213-9DCA-41CF-8115-147BB8BD227E}.Release|x64.ActiveCfg = Release|Any CPU
		{CF3F3213-9DCA-41CF-8115-147BB8BD227E}.Release|x64.Build.0 = Release|Any CPU
		{CF3F3213-9DCA-41CF-8115-147BB8BD227E}.Release|x86.ActiveCfg = Release|Any CPU
		{CF3F3213-9DCA-41CF-8115-147BB8BD227E}.Release|x86.Build.0 = Release|Any CPU
		{455AAF93-FCE8-4BD9-85F6-8C8988C6A615}.Debug|Any CPU.ActiveCfg = Debug|Any CPU
		{455AAF93-FCE8-4BD9-85F6-8C8988C6A615}.Debug|Any CPU.Build.0 = Debug|Any CPU
		{455AAF93-FCE8-4BD9-85F6-8C8988C6A615}.Debug|x64.ActiveCfg = Debug|Any CPU
		{455AAF93-FCE8-4BD9-85F6-8C8988C6A615}.Debug|x64.Build.0 = Debug|Any CPU
		{455AAF93-FCE8-4BD9-85F6-8C8988C6A615}.Debug|x86.ActiveCfg = Debug|Any CPU
		{455AAF93-FCE8-4BD9-85F6-8C8988C6A615}.Debug|x86.Build.0 = Debug|Any CPU
		{455AAF93-FCE8-4BD9-85F6-8C8988C6A615}.Release|Any CPU.ActiveCfg = Release|Any CPU
		{455AAF93-FCE8-4BD9-85F6-8C8988C6A615}.Release|Any CPU.Build.0 = Release|Any CPU
		{455AAF93-FCE8-4BD9-85F6-8C8988C6A615}.Release|x64.ActiveCfg = Release|Any CPU
		{455AAF93-FCE8-4BD9-85F6-8C8988C6A615}.Release|x64.Build.0 = Release|Any CPU
		{455AAF93-FCE8-4BD9-85F6-8C8988C6A615}.Release|x86.ActiveCfg = Release|Any CPU
		{455AAF93-FCE8-4BD9-85F6-8C8988C6A615}.Release|x86.Build.0 = Release|Any CPU
		{E802F3E3-AB79-4ACC-B794-5A48B9D436D3}.Debug|Any CPU.ActiveCfg = Debug|Any CPU
		{E802F3E3-AB79-4ACC-B794-5A48B9D436D3}.Debug|Any CPU.Build.0 = Debug|Any CPU
		{E802F3E3-AB79-4ACC-B794-5A48B9D436D3}.Debug|x64.ActiveCfg = Debug|Any CPU
		{E802F3E3-AB79-4ACC-B794-5A48B9D436D3}.Debug|x64.Build.0 = Debug|Any CPU
		{E802F3E3-AB79-4ACC-B794-5A48B9D436D3}.Debug|x86.ActiveCfg = Debug|Any CPU
		{E802F3E3-AB79-4ACC-B794-5A48B9D436D3}.Debug|x86.Build.0 = Debug|Any CPU
		{E802F3E3-AB79-4ACC-B794-5A48B9D436D3}.Release|Any CPU.ActiveCfg = Release|Any CPU
		{E802F3E3-AB79-4ACC-B794-5A48B9D436D3}.Release|Any CPU.Build.0 = Release|Any CPU
		{E802F3E3-AB79-4ACC-B794-5A48B9D436D3}.Release|x64.ActiveCfg = Release|Any CPU
		{E802F3E3-AB79-4ACC-B794-5A48B9D436D3}.Release|x64.Build.0 = Release|Any CPU
		{E802F3E3-AB79-4ACC-B794-5A48B9D436D3}.Release|x86.ActiveCfg = Release|Any CPU
		{E802F3E3-AB79-4ACC-B794-5A48B9D436D3}.Release|x86.Build.0 = Release|Any CPU
		{7EABBF77-9C99-4C68-88A6-C65CBEE8516C}.Debug|Any CPU.ActiveCfg = Debug|Any CPU
		{7EABBF77-9C99-4C68-88A6-C65CBEE8516C}.Debug|Any CPU.Build.0 = Debug|Any CPU
		{7EABBF77-9C99-4C68-88A6-C65CBEE8516C}.Debug|x64.ActiveCfg = Debug|Any CPU
		{7EABBF77-9C99-4C68-88A6-C65CBEE8516C}.Debug|x64.Build.0 = Debug|Any CPU
		{7EABBF77-9C99-4C68-88A6-C65CBEE8516C}.Debug|x86.ActiveCfg = Debug|Any CPU
		{7EABBF77-9C99-4C68-88A6-C65CBEE8516C}.Debug|x86.Build.0 = Debug|Any CPU
		{7EABBF77-9C99-4C68-88A6-C65CBEE8516C}.Release|Any CPU.ActiveCfg = Release|Any CPU
		{7EABBF77-9C99-4C68-88A6-C65CBEE8516C}.Release|Any CPU.Build.0 = Release|Any CPU
		{7EABBF77-9C99-4C68-88A6-C65CBEE8516C}.Release|x64.ActiveCfg = Release|Any CPU
		{7EABBF77-9C99-4C68-88A6-C65CBEE8516C}.Release|x64.Build.0 = Release|Any CPU
		{7EABBF77-9C99-4C68-88A6-C65CBEE8516C}.Release|x86.ActiveCfg = Release|Any CPU
		{7EABBF77-9C99-4C68-88A6-C65CBEE8516C}.Release|x86.Build.0 = Release|Any CPU
		{B70DA925-CFEB-4B5E-82D4-5C006E0F279B}.Debug|Any CPU.ActiveCfg = Debug|Any CPU
		{B70DA925-CFEB-4B5E-82D4-5C006E0F279B}.Debug|Any CPU.Build.0 = Debug|Any CPU
		{B70DA925-CFEB-4B5E-82D4-5C006E0F279B}.Debug|x64.ActiveCfg = Debug|Any CPU
		{B70DA925-CFEB-4B5E-82D4-5C006E0F279B}.Debug|x64.Build.0 = Debug|Any CPU
		{B70DA925-CFEB-4B5E-82D4-5C006E0F279B}.Debug|x86.ActiveCfg = Debug|Any CPU
		{B70DA925-CFEB-4B5E-82D4-5C006E0F279B}.Debug|x86.Build.0 = Debug|Any CPU
		{B70DA925-CFEB-4B5E-82D4-5C006E0F279B}.Release|Any CPU.ActiveCfg = Release|Any CPU
		{B70DA925-CFEB-4B5E-82D4-5C006E0F279B}.Release|Any CPU.Build.0 = Release|Any CPU
		{B70DA925-CFEB-4B5E-82D4-5C006E0F279B}.Release|x64.ActiveCfg = Release|Any CPU
		{B70DA925-CFEB-4B5E-82D4-5C006E0F279B}.Release|x64.Build.0 = Release|Any CPU
		{B70DA925-CFEB-4B5E-82D4-5C006E0F279B}.Release|x86.ActiveCfg = Release|Any CPU
		{B70DA925-CFEB-4B5E-82D4-5C006E0F279B}.Release|x86.Build.0 = Release|Any CPU
		{29153558-8FEC-46A5-983F-3C634B7C81BA}.Debug|Any CPU.ActiveCfg = Debug|Any CPU
		{29153558-8FEC-46A5-983F-3C634B7C81BA}.Debug|Any CPU.Build.0 = Debug|Any CPU
		{29153558-8FEC-46A5-983F-3C634B7C81BA}.Debug|x64.ActiveCfg = Debug|Any CPU
		{29153558-8FEC-46A5-983F-3C634B7C81BA}.Debug|x64.Build.0 = Debug|Any CPU
		{29153558-8FEC-46A5-983F-3C634B7C81BA}.Debug|x86.ActiveCfg = Debug|Any CPU
		{29153558-8FEC-46A5-983F-3C634B7C81BA}.Debug|x86.Build.0 = Debug|Any CPU
		{29153558-8FEC-46A5-983F-3C634B7C81BA}.Release|Any CPU.ActiveCfg = Release|Any CPU
		{29153558-8FEC-46A5-983F-3C634B7C81BA}.Release|Any CPU.Build.0 = Release|Any CPU
		{29153558-8FEC-46A5-983F-3C634B7C81BA}.Release|x64.ActiveCfg = Release|Any CPU
		{29153558-8FEC-46A5-983F-3C634B7C81BA}.Release|x64.Build.0 = Release|Any CPU
		{29153558-8FEC-46A5-983F-3C634B7C81BA}.Release|x86.ActiveCfg = Release|Any CPU
		{29153558-8FEC-46A5-983F-3C634B7C81BA}.Release|x86.Build.0 = Release|Any CPU
		{9AE32DDE-62FD-440F-A328-576A61580356}.Debug|Any CPU.ActiveCfg = Debug|Any CPU
		{9AE32DDE-62FD-440F-A328-576A61580356}.Debug|Any CPU.Build.0 = Debug|Any CPU
		{9AE32DDE-62FD-440F-A328-576A61580356}.Debug|x64.ActiveCfg = Debug|Any CPU
		{9AE32DDE-62FD-440F-A328-576A61580356}.Debug|x64.Build.0 = Debug|Any CPU
		{9AE32DDE-62FD-440F-A328-576A61580356}.Debug|x86.ActiveCfg = Debug|Any CPU
		{9AE32DDE-62FD-440F-A328-576A61580356}.Debug|x86.Build.0 = Debug|Any CPU
		{9AE32DDE-62FD-440F-A328-576A61580356}.Release|Any CPU.ActiveCfg = Release|Any CPU
		{9AE32DDE-62FD-440F-A328-576A61580356}.Release|Any CPU.Build.0 = Release|Any CPU
		{9AE32DDE-62FD-440F-A328-576A61580356}.Release|x64.ActiveCfg = Release|Any CPU
		{9AE32DDE-62FD-440F-A328-576A61580356}.Release|x64.Build.0 = Release|Any CPU
		{9AE32DDE-62FD-440F-A328-576A61580356}.Release|x86.ActiveCfg = Release|Any CPU
		{9AE32DDE-62FD-440F-A328-576A61580356}.Release|x86.Build.0 = Release|Any CPU
		{099D2ECD-689F-4793-839A-C04FC248B505}.Debug|Any CPU.ActiveCfg = Debug|Any CPU
		{099D2ECD-689F-4793-839A-C04FC248B505}.Debug|Any CPU.Build.0 = Debug|Any CPU
		{099D2ECD-689F-4793-839A-C04FC248B505}.Debug|x64.ActiveCfg = Debug|Any CPU
		{099D2ECD-689F-4793-839A-C04FC248B505}.Debug|x64.Build.0 = Debug|Any CPU
		{099D2ECD-689F-4793-839A-C04FC248B505}.Debug|x86.ActiveCfg = Debug|Any CPU
		{099D2ECD-689F-4793-839A-C04FC248B505}.Debug|x86.Build.0 = Debug|Any CPU
		{099D2ECD-689F-4793-839A-C04FC248B505}.Release|Any CPU.ActiveCfg = Release|Any CPU
		{099D2ECD-689F-4793-839A-C04FC248B505}.Release|Any CPU.Build.0 = Release|Any CPU
		{099D2ECD-689F-4793-839A-C04FC248B505}.Release|x64.ActiveCfg = Release|Any CPU
		{099D2ECD-689F-4793-839A-C04FC248B505}.Release|x64.Build.0 = Release|Any CPU
		{099D2ECD-689F-4793-839A-C04FC248B505}.Release|x86.ActiveCfg = Release|Any CPU
		{099D2ECD-689F-4793-839A-C04FC248B505}.Release|x86.Build.0 = Release|Any CPU
		{7397CCDE-3073-48BC-B22C-EF86FCF51BB0}.Debug|Any CPU.ActiveCfg = Debug|Any CPU
		{7397CCDE-3073-48BC-B22C-EF86FCF51BB0}.Debug|Any CPU.Build.0 = Debug|Any CPU
		{7397CCDE-3073-48BC-B22C-EF86FCF51BB0}.Debug|x64.ActiveCfg = Debug|Any CPU
		{7397CCDE-3073-48BC-B22C-EF86FCF51BB0}.Debug|x64.Build.0 = Debug|Any CPU
		{7397CCDE-3073-48BC-B22C-EF86FCF51BB0}.Debug|x86.ActiveCfg = Debug|Any CPU
		{7397CCDE-3073-48BC-B22C-EF86FCF51BB0}.Debug|x86.Build.0 = Debug|Any CPU
		{7397CCDE-3073-48BC-B22C-EF86FCF51BB0}.Release|Any CPU.ActiveCfg = Release|Any CPU
		{7397CCDE-3073-48BC-B22C-EF86FCF51BB0}.Release|Any CPU.Build.0 = Release|Any CPU
		{7397CCDE-3073-48BC-B22C-EF86FCF51BB0}.Release|x64.ActiveCfg = Release|Any CPU
		{7397CCDE-3073-48BC-B22C-EF86FCF51BB0}.Release|x64.Build.0 = Release|Any CPU
		{7397CCDE-3073-48BC-B22C-EF86FCF51BB0}.Release|x86.ActiveCfg = Release|Any CPU
		{7397CCDE-3073-48BC-B22C-EF86FCF51BB0}.Release|x86.Build.0 = Release|Any CPU
		{660FBE81-7E28-49B2-BD48-F27DC2B7C3BC}.Debug|Any CPU.ActiveCfg = Debug|Any CPU
		{660FBE81-7E28-49B2-BD48-F27DC2B7C3BC}.Debug|Any CPU.Build.0 = Debug|Any CPU
		{660FBE81-7E28-49B2-BD48-F27DC2B7C3BC}.Debug|x64.ActiveCfg = Debug|Any CPU
		{660FBE81-7E28-49B2-BD48-F27DC2B7C3BC}.Debug|x64.Build.0 = Debug|Any CPU
		{660FBE81-7E28-49B2-BD48-F27DC2B7C3BC}.Debug|x86.ActiveCfg = Debug|Any CPU
		{660FBE81-7E28-49B2-BD48-F27DC2B7C3BC}.Debug|x86.Build.0 = Debug|Any CPU
		{660FBE81-7E28-49B2-BD48-F27DC2B7C3BC}.Release|Any CPU.ActiveCfg = Release|Any CPU
		{660FBE81-7E28-49B2-BD48-F27DC2B7C3BC}.Release|Any CPU.Build.0 = Release|Any CPU
		{660FBE81-7E28-49B2-BD48-F27DC2B7C3BC}.Release|x64.ActiveCfg = Release|Any CPU
		{660FBE81-7E28-49B2-BD48-F27DC2B7C3BC}.Release|x64.Build.0 = Release|Any CPU
		{660FBE81-7E28-49B2-BD48-F27DC2B7C3BC}.Release|x86.ActiveCfg = Release|Any CPU
		{660FBE81-7E28-49B2-BD48-F27DC2B7C3BC}.Release|x86.Build.0 = Release|Any CPU
		{995CAC85-F98B-4C4B-8B67-A8D3D37E00A2}.Debug|Any CPU.ActiveCfg = Debug|Any CPU
		{995CAC85-F98B-4C4B-8B67-A8D3D37E00A2}.Debug|Any CPU.Build.0 = Debug|Any CPU
		{995CAC85-F98B-4C4B-8B67-A8D3D37E00A2}.Debug|x64.ActiveCfg = Debug|Any CPU
		{995CAC85-F98B-4C4B-8B67-A8D3D37E00A2}.Debug|x64.Build.0 = Debug|Any CPU
		{995CAC85-F98B-4C4B-8B67-A8D3D37E00A2}.Debug|x86.ActiveCfg = Debug|Any CPU
		{995CAC85-F98B-4C4B-8B67-A8D3D37E00A2}.Debug|x86.Build.0 = Debug|Any CPU
		{995CAC85-F98B-4C4B-8B67-A8D3D37E00A2}.Release|Any CPU.ActiveCfg = Release|Any CPU
		{995CAC85-F98B-4C4B-8B67-A8D3D37E00A2}.Release|Any CPU.Build.0 = Release|Any CPU
		{995CAC85-F98B-4C4B-8B67-A8D3D37E00A2}.Release|x64.ActiveCfg = Release|Any CPU
		{995CAC85-F98B-4C4B-8B67-A8D3D37E00A2}.Release|x64.Build.0 = Release|Any CPU
		{995CAC85-F98B-4C4B-8B67-A8D3D37E00A2}.Release|x86.ActiveCfg = Release|Any CPU
		{995CAC85-F98B-4C4B-8B67-A8D3D37E00A2}.Release|x86.Build.0 = Release|Any CPU
		{CA78A3BA-4029-484B-B34B-EBEEA7F8C066}.Debug|Any CPU.ActiveCfg = Debug|Any CPU
		{CA78A3BA-4029-484B-B34B-EBEEA7F8C066}.Debug|Any CPU.Build.0 = Debug|Any CPU
		{CA78A3BA-4029-484B-B34B-EBEEA7F8C066}.Debug|x64.ActiveCfg = Debug|Any CPU
		{CA78A3BA-4029-484B-B34B-EBEEA7F8C066}.Debug|x64.Build.0 = Debug|Any CPU
		{CA78A3BA-4029-484B-B34B-EBEEA7F8C066}.Debug|x86.ActiveCfg = Debug|Any CPU
		{CA78A3BA-4029-484B-B34B-EBEEA7F8C066}.Debug|x86.Build.0 = Debug|Any CPU
		{CA78A3BA-4029-484B-B34B-EBEEA7F8C066}.Release|Any CPU.ActiveCfg = Release|Any CPU
		{CA78A3BA-4029-484B-B34B-EBEEA7F8C066}.Release|Any CPU.Build.0 = Release|Any CPU
		{CA78A3BA-4029-484B-B34B-EBEEA7F8C066}.Release|x64.ActiveCfg = Release|Any CPU
		{CA78A3BA-4029-484B-B34B-EBEEA7F8C066}.Release|x64.Build.0 = Release|Any CPU
		{CA78A3BA-4029-484B-B34B-EBEEA7F8C066}.Release|x86.ActiveCfg = Release|Any CPU
		{CA78A3BA-4029-484B-B34B-EBEEA7F8C066}.Release|x86.Build.0 = Release|Any CPU
		{4FB7F56D-308D-409A-A116-860DE7506E28}.Debug|Any CPU.ActiveCfg = Debug|Any CPU
		{4FB7F56D-308D-409A-A116-860DE7506E28}.Debug|Any CPU.Build.0 = Debug|Any CPU
		{4FB7F56D-308D-409A-A116-860DE7506E28}.Debug|x64.ActiveCfg = Debug|Any CPU
		{4FB7F56D-308D-409A-A116-860DE7506E28}.Debug|x64.Build.0 = Debug|Any CPU
		{4FB7F56D-308D-409A-A116-860DE7506E28}.Debug|x86.ActiveCfg = Debug|Any CPU
		{4FB7F56D-308D-409A-A116-860DE7506E28}.Debug|x86.Build.0 = Debug|Any CPU
		{4FB7F56D-308D-409A-A116-860DE7506E28}.Release|Any CPU.ActiveCfg = Release|Any CPU
		{4FB7F56D-308D-409A-A116-860DE7506E28}.Release|Any CPU.Build.0 = Release|Any CPU
		{4FB7F56D-308D-409A-A116-860DE7506E28}.Release|x64.ActiveCfg = Release|Any CPU
		{4FB7F56D-308D-409A-A116-860DE7506E28}.Release|x64.Build.0 = Release|Any CPU
		{4FB7F56D-308D-409A-A116-860DE7506E28}.Release|x86.ActiveCfg = Release|Any CPU
		{4FB7F56D-308D-409A-A116-860DE7506E28}.Release|x86.Build.0 = Release|Any CPU
		{5784D019-E6C9-46B2-9406-408E88AAA3C5}.Debug|Any CPU.ActiveCfg = Debug|Any CPU
		{5784D019-E6C9-46B2-9406-408E88AAA3C5}.Debug|Any CPU.Build.0 = Debug|Any CPU
		{5784D019-E6C9-46B2-9406-408E88AAA3C5}.Debug|x64.ActiveCfg = Debug|Any CPU
		{5784D019-E6C9-46B2-9406-408E88AAA3C5}.Debug|x64.Build.0 = Debug|Any CPU
		{5784D019-E6C9-46B2-9406-408E88AAA3C5}.Debug|x86.ActiveCfg = Debug|Any CPU
		{5784D019-E6C9-46B2-9406-408E88AAA3C5}.Debug|x86.Build.0 = Debug|Any CPU
		{5784D019-E6C9-46B2-9406-408E88AAA3C5}.Release|Any CPU.ActiveCfg = Release|Any CPU
		{5784D019-E6C9-46B2-9406-408E88AAA3C5}.Release|Any CPU.Build.0 = Release|Any CPU
		{5784D019-E6C9-46B2-9406-408E88AAA3C5}.Release|x64.ActiveCfg = Release|Any CPU
		{5784D019-E6C9-46B2-9406-408E88AAA3C5}.Release|x64.Build.0 = Release|Any CPU
		{5784D019-E6C9-46B2-9406-408E88AAA3C5}.Release|x86.ActiveCfg = Release|Any CPU
		{5784D019-E6C9-46B2-9406-408E88AAA3C5}.Release|x86.Build.0 = Release|Any CPU
		{0E38F75A-E6F6-42AF-89E5-1F9DE9F77B76}.Debug|Any CPU.ActiveCfg = Debug|Any CPU
		{0E38F75A-E6F6-42AF-89E5-1F9DE9F77B76}.Debug|Any CPU.Build.0 = Debug|Any CPU
		{0E38F75A-E6F6-42AF-89E5-1F9DE9F77B76}.Debug|x64.ActiveCfg = Debug|Any CPU
		{0E38F75A-E6F6-42AF-89E5-1F9DE9F77B76}.Debug|x64.Build.0 = Debug|Any CPU
		{0E38F75A-E6F6-42AF-89E5-1F9DE9F77B76}.Debug|x86.ActiveCfg = Debug|Any CPU
		{0E38F75A-E6F6-42AF-89E5-1F9DE9F77B76}.Debug|x86.Build.0 = Debug|Any CPU
		{0E38F75A-E6F6-42AF-89E5-1F9DE9F77B76}.Release|Any CPU.ActiveCfg = Release|Any CPU
		{0E38F75A-E6F6-42AF-89E5-1F9DE9F77B76}.Release|Any CPU.Build.0 = Release|Any CPU
		{0E38F75A-E6F6-42AF-89E5-1F9DE9F77B76}.Release|x64.ActiveCfg = Release|Any CPU
		{0E38F75A-E6F6-42AF-89E5-1F9DE9F77B76}.Release|x64.Build.0 = Release|Any CPU
		{0E38F75A-E6F6-42AF-89E5-1F9DE9F77B76}.Release|x86.ActiveCfg = Release|Any CPU
		{0E38F75A-E6F6-42AF-89E5-1F9DE9F77B76}.Release|x86.Build.0 = Release|Any CPU
		{2CCF181D-1641-4BF1-A475-2C9D9124047B}.Debug|Any CPU.ActiveCfg = Debug|Any CPU
		{2CCF181D-1641-4BF1-A475-2C9D9124047B}.Debug|Any CPU.Build.0 = Debug|Any CPU
		{2CCF181D-1641-4BF1-A475-2C9D9124047B}.Debug|x64.ActiveCfg = Debug|Any CPU
		{2CCF181D-1641-4BF1-A475-2C9D9124047B}.Debug|x64.Build.0 = Debug|Any CPU
		{2CCF181D-1641-4BF1-A475-2C9D9124047B}.Debug|x86.ActiveCfg = Debug|Any CPU
		{2CCF181D-1641-4BF1-A475-2C9D9124047B}.Debug|x86.Build.0 = Debug|Any CPU
		{2CCF181D-1641-4BF1-A475-2C9D9124047B}.Release|Any CPU.ActiveCfg = Release|Any CPU
		{2CCF181D-1641-4BF1-A475-2C9D9124047B}.Release|Any CPU.Build.0 = Release|Any CPU
		{2CCF181D-1641-4BF1-A475-2C9D9124047B}.Release|x64.ActiveCfg = Release|Any CPU
		{2CCF181D-1641-4BF1-A475-2C9D9124047B}.Release|x64.Build.0 = Release|Any CPU
		{2CCF181D-1641-4BF1-A475-2C9D9124047B}.Release|x86.ActiveCfg = Release|Any CPU
		{2CCF181D-1641-4BF1-A475-2C9D9124047B}.Release|x86.Build.0 = Release|Any CPU
		{BE12B7D5-349E-424F-88AC-D67290B9196F}.Debug|Any CPU.ActiveCfg = Debug|Any CPU
		{BE12B7D5-349E-424F-88AC-D67290B9196F}.Debug|Any CPU.Build.0 = Debug|Any CPU
		{BE12B7D5-349E-424F-88AC-D67290B9196F}.Debug|x64.ActiveCfg = Debug|Any CPU
		{BE12B7D5-349E-424F-88AC-D67290B9196F}.Debug|x64.Build.0 = Debug|Any CPU
		{BE12B7D5-349E-424F-88AC-D67290B9196F}.Debug|x86.ActiveCfg = Debug|Any CPU
		{BE12B7D5-349E-424F-88AC-D67290B9196F}.Debug|x86.Build.0 = Debug|Any CPU
		{BE12B7D5-349E-424F-88AC-D67290B9196F}.Release|Any CPU.ActiveCfg = Release|Any CPU
		{BE12B7D5-349E-424F-88AC-D67290B9196F}.Release|Any CPU.Build.0 = Release|Any CPU
		{BE12B7D5-349E-424F-88AC-D67290B9196F}.Release|x64.ActiveCfg = Release|Any CPU
		{BE12B7D5-349E-424F-88AC-D67290B9196F}.Release|x64.Build.0 = Release|Any CPU
		{BE12B7D5-349E-424F-88AC-D67290B9196F}.Release|x86.ActiveCfg = Release|Any CPU
		{BE12B7D5-349E-424F-88AC-D67290B9196F}.Release|x86.Build.0 = Release|Any CPU
		{7B3B4C21-094B-4A7E-ADF8-1D540561DC2B}.Debug|Any CPU.ActiveCfg = Debug|Any CPU
		{7B3B4C21-094B-4A7E-ADF8-1D540561DC2B}.Debug|Any CPU.Build.0 = Debug|Any CPU
		{7B3B4C21-094B-4A7E-ADF8-1D540561DC2B}.Debug|x64.ActiveCfg = Debug|Any CPU
		{7B3B4C21-094B-4A7E-ADF8-1D540561DC2B}.Debug|x64.Build.0 = Debug|Any CPU
		{7B3B4C21-094B-4A7E-ADF8-1D540561DC2B}.Debug|x86.ActiveCfg = Debug|Any CPU
		{7B3B4C21-094B-4A7E-ADF8-1D540561DC2B}.Debug|x86.Build.0 = Debug|Any CPU
		{7B3B4C21-094B-4A7E-ADF8-1D540561DC2B}.Release|Any CPU.ActiveCfg = Release|Any CPU
		{7B3B4C21-094B-4A7E-ADF8-1D540561DC2B}.Release|Any CPU.Build.0 = Release|Any CPU
		{7B3B4C21-094B-4A7E-ADF8-1D540561DC2B}.Release|x64.ActiveCfg = Release|Any CPU
		{7B3B4C21-094B-4A7E-ADF8-1D540561DC2B}.Release|x64.Build.0 = Release|Any CPU
		{7B3B4C21-094B-4A7E-ADF8-1D540561DC2B}.Release|x86.ActiveCfg = Release|Any CPU
		{7B3B4C21-094B-4A7E-ADF8-1D540561DC2B}.Release|x86.Build.0 = Release|Any CPU
		{D0411169-1ADF-4F37-8C05-D281FAB15BA3}.Debug|Any CPU.ActiveCfg = Debug|Any CPU
		{D0411169-1ADF-4F37-8C05-D281FAB15BA3}.Debug|Any CPU.Build.0 = Debug|Any CPU
		{D0411169-1ADF-4F37-8C05-D281FAB15BA3}.Debug|x64.ActiveCfg = Debug|Any CPU
		{D0411169-1ADF-4F37-8C05-D281FAB15BA3}.Debug|x64.Build.0 = Debug|Any CPU
		{D0411169-1ADF-4F37-8C05-D281FAB15BA3}.Debug|x86.ActiveCfg = Debug|Any CPU
		{D0411169-1ADF-4F37-8C05-D281FAB15BA3}.Debug|x86.Build.0 = Debug|Any CPU
		{D0411169-1ADF-4F37-8C05-D281FAB15BA3}.Release|Any CPU.ActiveCfg = Release|Any CPU
		{D0411169-1ADF-4F37-8C05-D281FAB15BA3}.Release|Any CPU.Build.0 = Release|Any CPU
		{D0411169-1ADF-4F37-8C05-D281FAB15BA3}.Release|x64.ActiveCfg = Release|Any CPU
		{D0411169-1ADF-4F37-8C05-D281FAB15BA3}.Release|x64.Build.0 = Release|Any CPU
		{D0411169-1ADF-4F37-8C05-D281FAB15BA3}.Release|x86.ActiveCfg = Release|Any CPU
		{D0411169-1ADF-4F37-8C05-D281FAB15BA3}.Release|x86.Build.0 = Release|Any CPU
		{DD122114-67DD-4058-761C-0242576FB160}.Debug|Any CPU.ActiveCfg = Debug|Any CPU
		{DD122114-67DD-4058-761C-0242576FB160}.Debug|Any CPU.Build.0 = Debug|Any CPU
		{DD122114-67DD-4058-761C-0242576FB160}.Debug|x64.ActiveCfg = Debug|Any CPU
		{DD122114-67DD-4058-761C-0242576FB160}.Debug|x64.Build.0 = Debug|Any CPU
		{DD122114-67DD-4058-761C-0242576FB160}.Debug|x86.ActiveCfg = Debug|Any CPU
		{DD122114-67DD-4058-761C-0242576FB160}.Debug|x86.Build.0 = Debug|Any CPU
		{DD122114-67DD-4058-761C-0242576FB160}.Release|Any CPU.ActiveCfg = Release|Any CPU
		{DD122114-67DD-4058-761C-0242576FB160}.Release|Any CPU.Build.0 = Release|Any CPU
		{DD122114-67DD-4058-761C-0242576FB160}.Release|x64.ActiveCfg = Release|Any CPU
		{DD122114-67DD-4058-761C-0242576FB160}.Release|x64.Build.0 = Release|Any CPU
		{DD122114-67DD-4058-761C-0242576FB160}.Release|x86.ActiveCfg = Release|Any CPU
		{DD122114-67DD-4058-761C-0242576FB160}.Release|x86.Build.0 = Release|Any CPU
		{3D8FD251-50F7-4064-941C-B50F2E87CA65}.Debug|Any CPU.ActiveCfg = Debug|Any CPU
		{3D8FD251-50F7-4064-941C-B50F2E87CA65}.Debug|Any CPU.Build.0 = Debug|Any CPU
		{3D8FD251-50F7-4064-941C-B50F2E87CA65}.Debug|x64.ActiveCfg = Debug|Any CPU
		{3D8FD251-50F7-4064-941C-B50F2E87CA65}.Debug|x64.Build.0 = Debug|Any CPU
		{3D8FD251-50F7-4064-941C-B50F2E87CA65}.Debug|x86.ActiveCfg = Debug|Any CPU
		{3D8FD251-50F7-4064-941C-B50F2E87CA65}.Debug|x86.Build.0 = Debug|Any CPU
		{3D8FD251-50F7-4064-941C-B50F2E87CA65}.Release|Any CPU.ActiveCfg = Release|Any CPU
		{3D8FD251-50F7-4064-941C-B50F2E87CA65}.Release|Any CPU.Build.0 = Release|Any CPU
		{3D8FD251-50F7-4064-941C-B50F2E87CA65}.Release|x64.ActiveCfg = Release|Any CPU
		{3D8FD251-50F7-4064-941C-B50F2E87CA65}.Release|x64.Build.0 = Release|Any CPU
		{3D8FD251-50F7-4064-941C-B50F2E87CA65}.Release|x86.ActiveCfg = Release|Any CPU
		{3D8FD251-50F7-4064-941C-B50F2E87CA65}.Release|x86.Build.0 = Release|Any CPU
		{B8A3C2D1-4567-4890-ABCD-EF1234567890}.Debug|Any CPU.ActiveCfg = Debug|Any CPU
		{B8A3C2D1-4567-4890-ABCD-EF1234567890}.Debug|Any CPU.Build.0 = Debug|Any CPU
		{B8A3C2D1-4567-4890-ABCD-EF1234567890}.Debug|x64.ActiveCfg = Debug|Any CPU
		{B8A3C2D1-4567-4890-ABCD-EF1234567890}.Debug|x64.Build.0 = Debug|Any CPU
		{B8A3C2D1-4567-4890-ABCD-EF1234567890}.Debug|x86.ActiveCfg = Debug|Any CPU
		{B8A3C2D1-4567-4890-ABCD-EF1234567890}.Debug|x86.Build.0 = Debug|Any CPU
		{B8A3C2D1-4567-4890-ABCD-EF1234567890}.Release|Any CPU.ActiveCfg = Release|Any CPU
		{B8A3C2D1-4567-4890-ABCD-EF1234567890}.Release|Any CPU.Build.0 = Release|Any CPU
		{B8A3C2D1-4567-4890-ABCD-EF1234567890}.Release|x64.ActiveCfg = Release|Any CPU
		{B8A3C2D1-4567-4890-ABCD-EF1234567890}.Release|x64.Build.0 = Release|Any CPU
		{B8A3C2D1-4567-4890-ABCD-EF1234567890}.Release|x86.ActiveCfg = Release|Any CPU
		{B8A3C2D1-4567-4890-ABCD-EF1234567890}.Release|x86.Build.0 = Release|Any CPU
	EndGlobalSection
	GlobalSection(SolutionProperties) = preSolution
		HideSolutionNode = FALSE
	EndGlobalSection
	GlobalSection(ExtensibilityGlobals) = postSolution
		SolutionGuid = {8036AD63-B9BA-4701-8C15-D2EF5BAB752E}
	EndGlobalSection
EndGlobal
